
Microsoft Visual Studio Solution File, Format Version 12.00
# Visual Studio 16
Project("{FAE04EC0-301F-11D3-BF4B-00C04F79EFBC}") = "Assembly-CSharp", "Assembly-CSharp.csproj", "{232476A7-B1F8-56DE-F96B-B39EC4AA63A5}"
EndProject
Project("{FAE04EC0-301F-11D3-BF4B-00C04F79EFBC}") = "Assembly-CSharp-Editor", "Assembly-CSharp-Editor.csproj", "{50FE4B03-708E-4FDD-7F02-17B83C456022}"
EndProject
Global
	GlobalSection(SolutionConfigurationPlatforms) = preSolution
		Debug|Any CPU = Debug|Any CPU
		Release|Any CPU = Release|Any CPU
	EndGlobalSection
	GlobalSection(ProjectConfigurationPlatforms) = postSolution
		{232476A7-B1F8-56DE-F96B-B39EC4AA63A5}.Debug|Any CPU.ActiveCfg = Debug|Any CPU
		{232476A7-B1F8-56DE-F96B-B39EC4AA63A5}.Debug|Any CPU.Build.0 = Debug|Any CPU
		{232476A7-B1F8-56DE-F96B-B39EC4AA63A5}.Release|Any CPU.ActiveCfg = Release|Any CPU
		{232476A7-B1F8-56DE-F96B-B39EC4AA63A5}.Release|Any CPU.Build.0 = Release|Any CPU
		{50FE4B03-708E-4FDD-7F02-17B83C456022}.Debug|Any CPU.ActiveCfg = Debug|Any CPU
		{50FE4B03-708E-4FDD-7F02-17B83C456022}.Debug|Any CPU.Build.0 = Debug|Any CPU
		{50FE4B03-708E-4FDD-7F02-17B83C456022}.Release|Any CPU.ActiveCfg = Release|Any CPU
		{50FE4B03-708E-4FDD-7F02-17B83C456022}.Release|Any CPU.Build.0 = Release|Any CPU
	EndGlobalSection
	GlobalSection(SolutionProperties) = preSolution
		HideSolutionNode = FALSE
	EndGlobalSection
EndGlobal
